
Microsoft Visual Studio Solution File, Format Version 12.00
# Visual Studio Version 17
VisualStudioVersion = 17.1.32328.378
MinimumVisualStudioVersion = 10.0.40219.1
Project("{888888A0-9F3D-457C-B088-3A5042F75D52}") = "BinanceBOT", "BinanceBOT\BinanceBOT.pyproj", "{A9517B0A-7F2F-4FF2-9F3B-1AAF1DB7D6CD}"
EndProject
Global
	GlobalSection(SolutionConfigurationPlatforms) = preSolution
		Debug|Any CPU = Debug|Any CPU
		Release|Any CPU = Release|Any CPU
	EndGlobalSection
	GlobalSection(ProjectConfigurationPlatforms) = postSolution
		{A9517B0A-7F2F-4FF2-9F3B-1AAF1DB7D6CD}.Debug|Any CPU.ActiveCfg = Debug|Any CPU
		{A9517B0A-7F2F-4FF2-9F3B-1AAF1DB7D6CD}.Release|Any CPU.ActiveCfg = Release|Any CPU
	EndGlobalSection
	GlobalSection(SolutionProperties) = preSolution
		HideSolutionNode = FALSE
	EndGlobalSection
	GlobalSection(ExtensibilityGlobals) = postSolution
		SolutionGuid = {14BE5C0E-E103-4099-B333-A99664779594}
	EndGlobalSection
EndGlobal
